lockVersion: 2.0.0
id: f42cb8e6-e2ce-4565-b975-5a9f38b94d5a
management:
  docChecksum: 3f2fbf3f00965b046a501b0642259d4e
  docVersion: 1.0.39
  speakeasyVersion: 1.330.0
  generationVersion: 2.361.10
  releaseVersion: 0.12.0
  configChecksum: d7fea18f81ca96b0f79ee5eb84463306
  repoURL: https://github.com/Unstructured-IO/unstructured-js-client.git
  repoSubDirectory: .
  installationURL: https://github.com/Unstructured-IO/unstructured-js-client
  published: true
features:
  typescript:
    additionalDependencies: 0.1.0
    constsAndDefaults: 0.1.5
    core: 3.11.5
    examples: 2.81.4
    globalSecurity: 2.82.9
    globalSecurityCallbacks: 0.1.0
    globalServerURLs: 2.82.4
    nameOverrides: 2.81.2
    nullables: 0.1.0
    openEnums: 0.1.1
    responseFormat: 0.2.3
    retries: 2.83.0
    sdkHooks: 0.1.0
    serverIDs: 2.81.2
    unions: 2.85.5
generatedFiles:
  - src/sdk/general.ts
  - src/sdk/sdk.ts
  - .eslintrc.cjs
  - .npmignore
  - RUNTIMES.md
  - jsr.json
  - package.json
  - src/index.ts
  - src/lib/base64.ts
  - src/lib/config.ts
  - src/lib/encodings.ts
  - src/lib/http.ts
  - src/lib/is-plain-object.ts
  - src/lib/primitives.ts
  - src/lib/retries.ts
  - src/lib/schemas.ts
  - src/lib/sdks.ts
  - src/lib/security.ts
  - src/lib/url.ts
  - src/sdk/index.ts
  - src/sdk/models/errors/sdkerror.ts
  - src/sdk/models/errors/sdkvalidationerror.ts
  - src/sdk/types/blobs.ts
  - src/sdk/types/enums.ts
  - src/sdk/types/index.ts
  - src/sdk/types/operations.ts
  - src/sdk/types/rfcdate.ts
  - tsconfig.json
  - src/sdk/models/operations/partition.ts
  - src/sdk/models/errors/httpvalidationerror.ts
  - src/sdk/models/errors/servererror.ts
  - src/sdk/models/shared/validationerror.ts
  - src/sdk/models/shared/partitionparameters.ts
  - src/sdk/models/shared/security.ts
  - src/sdk/models/errors/index.ts
  - src/sdk/models/operations/index.ts
  - src/sdk/models/shared/index.ts
  - docs/sdk/models/operations/partitionrequest.md
  - docs/sdk/models/operations/partitionresponse.md
  - docs/sdk/models/errors/detail.md
  - docs/sdk/models/errors/httpvalidationerror.md
  - docs/sdk/models/errors/servererror.md
  - docs/sdk/models/shared/loc.md
  - docs/sdk/models/shared/validationerror.md
  - docs/sdk/models/shared/chunkingstrategy.md
  - docs/sdk/models/shared/files.md
  - docs/sdk/models/shared/outputformat.md
  - docs/sdk/models/shared/strategy.md
  - docs/sdk/models/shared/partitionparameters.md
  - docs/sdk/models/shared/security.md
  - USAGE.md
  - .gitattributes
  - src/hooks/hooks.ts
  - src/hooks/types.ts
  - src/hooks/index.ts
