lockVersion: 2.0.0
id: f42cb8e6-e2ce-4565-b975-5a9f38b94d5a
management:
  docChecksum: 0474212adfef86a6c183841a3cb9d75b
  docVersion: 0.0.1
  speakeasyVersion: 1.210.0
  generationVersion: 2.281.2
  releaseVersion: 0.11.3
  configChecksum: 66932741c8c07f4db37fcca930a94c85
  repoURL: https://github.com/Unstructured-IO/unstructured-js-client.git
  repoSubDirectory: .
  installationURL: https://github.com/Unstructured-IO/unstructured-js-client
  published: true
features:
  typescript:
    core: 3.6.1
    examples: 2.81.3
    globalSecurity: 2.82.6
    globalServerURLs: 2.82.4
    nameOverrides: 2.81.1
    responseFormat: 0.2.2
    retries: 2.83.0
    serverIDs: 2.81.2
    unions: 2.85.3
generatedFiles:
  - src/sdk/general.ts
  - src/sdk/sdk.ts
  - .eslintrc.js
  - .npmignore
  - RUNTIMES.md
  - package.json
  - src/index.ts
  - src/lib/base64.ts
  - src/lib/config.ts
  - src/lib/encodings.ts
  - src/lib/http.ts
  - src/lib/retries.ts
  - src/lib/schemas.ts
  - src/lib/sdks.ts
  - src/lib/security.ts
  - src/lib/url.ts
  - src/sdk/index.ts
  - src/sdk/models/errors/sdkerror.ts
  - src/sdk/models/errors/sdkvalidationerror.ts
  - src/sdk/types/blobs.ts
  - src/sdk/types/index.ts
  - src/sdk/types/operations.ts
  - src/sdk/types/rfcdate.ts
  - tsconfig.json
  - src/sdk/models/operations/partition.ts
  - src/sdk/models/errors/httpvalidationerror.ts
  - src/sdk/models/shared/validationerror.ts
  - src/sdk/models/shared/partitionparameters.ts
  - src/sdk/models/shared/security.ts
  - src/sdk/models/errors/index.ts
  - src/sdk/models/operations/index.ts
  - src/sdk/models/shared/index.ts
  - docs/sdk/models/operations/partitionresponse.md
  - docs/sdk/models/errors/httpvalidationerror.md
  - docs/sdk/models/shared/loc.md
  - docs/sdk/models/shared/validationerror.md
  - docs/sdk/models/shared/files.md
  - docs/sdk/models/shared/partitionparameters.md
  - docs/sdk/models/shared/security.md
  - USAGE.md
  - .gitattributes
  - src/hooks/hooks.ts
  - src/hooks/types.ts
  - src/hooks/index.ts
