speakeasyVersion: 1.295.2
sources:
    my-source:
        sourceNamespace: my-source
        sourceRevisionDigest: sha256:d10f442ac184c28139f7d0b7c0ecbc505ea464f8125c3230981c878493e8337b
        sourceBlobDigest: sha256:b3eaee807e7e87309f22f15c4f1b25bd5d1811749459d501e88a300f76ec7265
        tags:
            - latest
            - main
targets:
    unstructed-typescript:
        source: my-source
        sourceNamespace: my-source
        sourceRevisionDigest: sha256:d10f442ac184c28139f7d0b7c0ecbc505ea464f8125c3230981c878493e8337b
        sourceBlobDigest: sha256:b3eaee807e7e87309f22f15c4f1b25bd5d1811749459d501e88a300f76ec7265
        outLocation: /github/workspace/repo
workflow:
    workflowVersion: 1.0.0
    speakeasyVersion: latest
    sources:
        my-source:
            inputs:
                - location: https://api.unstructured.io/general/openapi.json
            overlays:
                - location: ./overlay_client.yaml
            registry:
                location: registry.speakeasyapi.dev/unstructured/unstructured5xr/my-source
    targets:
        unstructed-typescript:
            target: typescript
            source: my-source
            codeSamples:
                output: codeSamples.yaml
