speakeasyVersion: 1.678.0
sources:
    my-source:
        sourceNamespace: my-source
        sourceRevisionDigest: sha256:4c6b010f9e2068a4088e64ee914a6fcf2867eae0278053b0412d04bcc3afebd6
        sourceBlobDigest: sha256:1846d74621870c6eb0c0395fae41087792b78ada136d0d7921832f0e36c76e18
        tags:
            - latest
            - speakeasy-sdk-regen-1770338462
            - 1.3.4
targets:
    unstructed-typescript:
        source: my-source
        sourceNamespace: my-source
        sourceRevisionDigest: sha256:4c6b010f9e2068a4088e64ee914a6fcf2867eae0278053b0412d04bcc3afebd6
        sourceBlobDigest: sha256:1846d74621870c6eb0c0395fae41087792b78ada136d0d7921832f0e36c76e18
        codeSamplesNamespace: my-source-typescript-code-samples
        codeSamplesRevisionDigest: sha256:55bba9e6163ce655dc4eef4dd5e6000e6a708cbdf5e1b6ac7ef651611c26c943
workflow:
    workflowVersion: 1.0.0
    speakeasyVersion: latest
    sources:
        my-source:
            inputs:
                - location: https://api.unstructuredapp.io/general/openapi.json
            overlays:
                - location: ./overlay_client.yaml
            registry:
                location: registry.speakeasyapi.dev/unstructured/unstructured5xr/my-source
    targets:
        unstructed-typescript:
            target: typescript
            source: my-source
            publish:
                npm:
                    token: $NPM_TOKEN
            codeSamples:
                output: codeSamples.yaml
                registry:
                    location: registry.speakeasyapi.dev/unstructured/unstructured5xr/my-source-typescript-code-samples
