speakeasyVersion: 1.308.0
sources:
    my-source:
        sourceNamespace: my-source
        sourceRevisionDigest: sha256:a35eb7c2c127f2fcfcda671cc0d50905305d0cfbaedb77f73f7f15d01c7a8a6b
        sourceBlobDigest: sha256:151b7029fefa0b7aa79d4f7c9a0ceea175b470cbc7eb7573344dce1e83c2e474
        tags:
            - latest
            - main
targets:
    unstructed-typescript:
        source: my-source
        sourceNamespace: my-source
        sourceRevisionDigest: sha256:a35eb7c2c127f2fcfcda671cc0d50905305d0cfbaedb77f73f7f15d01c7a8a6b
        sourceBlobDigest: sha256:151b7029fefa0b7aa79d4f7c9a0ceea175b470cbc7eb7573344dce1e83c2e474
        outLocation: /github/workspace/repo
workflow:
    workflowVersion: 1.0.0
    speakeasyVersion: latest
    sources:
        my-source:
            inputs:
                - location: https://api.unstructured.io/general/openapi.json
            overlays:
                - location: ./overlay_client.yaml
            registry:
                location: registry.speakeasyapi.dev/unstructured/unstructured5xr/my-source
    targets:
        unstructed-typescript:
            target: typescript
            source: my-source
            publish:
                npm:
                    token: $NPM_TOKEN
            codeSamples:
                output: codeSamples.yaml
